# This file was autogenerated by Stack.
# You should not edit this file by hand.
# For more information, please see the documentation at:
#   https://docs.haskellstack.org/en/stable/lock_files

packages:
- completed:
    hackage: hakyll-shakespeare-0.1.0.0.2@sha256:8e81f615162a066f96dff257a9efea27478c87cd345bb708d1cdd4ba565c838d,933
    pantry-tree:
      size: 226
      sha256: 3f8f8059a570e4e2041df833dcb809e0f76fe2b439eaa87633cf435678afe6af
  original:
    hackage: hakyll-shakespeare-0.1.0.0.2
- completed:
    hackage: hakyll-4.13.2.0@sha256:7185031bacfff87141486ada90798550dd0c29424ba613c7974222b27cf0f3b5,8867
    pantry-tree:
      size: 7841
      sha256: d56afbe335270c66a19dea685413f4b06225805b5d6036a28da8b51f113dffae
  original:
    hackage: hakyll-4.13.2.0
snapshots:
- completed:
    size: 503886
    url: https://raw.githubusercontent.com/commercialhaskell/stackage-snapshots/master/nightly/2020/3/21.yaml
    sha256: c58f3560a333e9055a4c9a686d2ec9e7c957010d52ea4163cd38b09a110ddc4f
  original: nightly-2020-03-21
