# This file was autogenerated by Stack.
# You should not edit this file by hand.
# For more information, please see the documentation at:
#   https://docs.haskellstack.org/en/stable/lock_files

packages: []
snapshots:
- completed:
    size: 617441
    url: https://raw.githubusercontent.com/commercialhaskell/stackage-snapshots/master/nightly/2022/7/23.yaml
    sha256: cad492e2b47615065c8003bd44157ee24f4d2accfd147f7ad1f7bd63da822e93
  original: nightly-2022-07-23
