# This file was autogenerated by Stack.
# You should not edit this file by hand.
# For more information, please see the documentation at:
#   https://docs.haskellstack.org/en/stable/lock_files

packages: []
snapshots:
- completed:
    size: 509106
    url: https://raw.githubusercontent.com/commercialhaskell/stackage-snapshots/master/nightly/2020/4/5.yaml
    sha256: c517467a2734b98ef1744c83b2df717f47c720518aea50f995f920bf5df4d1fa
  original: nightly-2020-04-05
